
Microsoft Visual Studio Solution File, Format Version 12.00
# Visual Studio 15
VisualStudioVersion = 15.0.28010.2050
MinimumVisualStudioVersion = 10.0.40219.1
Project("{FAE04EC0-301F-11D3-BF4B-00C04F79EFBC}") = "Buddy.CodeFirst", "Buddy.CodeFirst\Buddy.CodeFirst.csproj", "{8B57FE6E-8E43-4596-AB4C-7EC31FA7A8F7}"
EndProject
Project("{FAE04EC0-301F-11D3-BF4B-00C04F79EFBC}") = "Buddy.WebAPI", "Buddy.WebAPI\Buddy.WebAPI.csproj", "{CAC1688A-AD81-45E4-A836-17CEC50C440A}"
EndProject
Project("{FAE04EC0-301F-11D3-BF4B-00C04F79EFBC}") = "Buddy.WebApp", "Buddy.WebApp\Buddy.WebApp.csproj", "{1213F183-08D2-4C97-B63F-DDBC9F8A5BBE}"
EndProject
Project("{FAE04EC0-301F-11D3-BF4B-00C04F79EFBC}") = "Buddy.Translations", "Buddy.Translations\Buddy.Translations.csproj", "{204C6B65-E432-4FB5-88A6-C1225679E1B8}"
EndProject
Project("{FAE04EC0-301F-11D3-BF4B-00C04F79EFBC}") = "Buddy.WebAPI.Client", "Buddy.WebAPI.Client\Buddy.WebAPI.Client.csproj", "{AC315485-9F13-4403-B2BB-FCCB71CB2D55}"
EndProject
Global
	GlobalSection(SolutionConfigurationPlatforms) = preSolution
		Debug|Any CPU = Debug|Any CPU
		Release|Any CPU = Release|Any CPU
	EndGlobalSection
	GlobalSection(ProjectConfigurationPlatforms) = postSolution
		{8B57FE6E-8E43-4596-AB4C-7EC31FA7A8F7}.Debug|Any CPU.ActiveCfg = Debug|Any CPU
		{8B57FE6E-8E43-4596-AB4C-7EC31FA7A8F7}.Debug|Any CPU.Build.0 = Debug|Any CPU
		{8B57FE6E-8E43-4596-AB4C-7EC31FA7A8F7}.Release|Any CPU.ActiveCfg = Release|Any CPU
		{8B57FE6E-8E43-4596-AB4C-7EC31FA7A8F7}.Release|Any CPU.Build.0 = Release|Any CPU
		{CAC1688A-AD81-45E4-A836-17CEC50C440A}.Debug|Any CPU.ActiveCfg = Debug|Any CPU
		{CAC1688A-AD81-45E4-A836-17CEC50C440A}.Debug|Any CPU.Build.0 = Debug|Any CPU
		{CAC1688A-AD81-45E4-A836-17CEC50C440A}.Release|Any CPU.ActiveCfg = Release|Any CPU
		{CAC1688A-AD81-45E4-A836-17CEC50C440A}.Release|Any CPU.Build.0 = Release|Any CPU
		{1213F183-08D2-4C97-B63F-DDBC9F8A5BBE}.Debug|Any CPU.ActiveCfg = Debug|Any CPU
		{1213F183-08D2-4C97-B63F-DDBC9F8A5BBE}.Debug|Any CPU.Build.0 = Debug|Any CPU
		{1213F183-08D2-4C97-B63F-DDBC9F8A5BBE}.Release|Any CPU.ActiveCfg = Release|Any CPU
		{1213F183-08D2-4C97-B63F-DDBC9F8A5BBE}.Release|Any CPU.Build.0 = Release|Any CPU
		{204C6B65-E432-4FB5-88A6-C1225679E1B8}.Debug|Any CPU.ActiveCfg = Debug|Any CPU
		{204C6B65-E432-4FB5-88A6-C1225679E1B8}.Debug|Any CPU.Build.0 = Debug|Any CPU
		{204C6B65-E432-4FB5-88A6-C1225679E1B8}.Release|Any CPU.ActiveCfg = Release|Any CPU
		{204C6B65-E432-4FB5-88A6-C1225679E1B8}.Release|Any CPU.Build.0 = Release|Any CPU
		{AC315485-9F13-4403-B2BB-FCCB71CB2D55}.Debug|Any CPU.ActiveCfg = Debug|Any CPU
		{AC315485-9F13-4403-B2BB-FCCB71CB2D55}.Debug|Any CPU.Build.0 = Debug|Any CPU
		{AC315485-9F13-4403-B2BB-FCCB71CB2D55}.Release|Any CPU.ActiveCfg = Release|Any CPU
		{AC315485-9F13-4403-B2BB-FCCB71CB2D55}.Release|Any CPU.Build.0 = Release|Any CPU
	EndGlobalSection
	GlobalSection(SolutionProperties) = preSolution
		HideSolutionNode = FALSE
	EndGlobalSection
	GlobalSection(ExtensibilityGlobals) = postSolution
		SolutionGuid = {F64C8683-E92A-4718-B59D-38312428F6A0}
	EndGlobalSection
EndGlobal
