{
  "name": "asp.net",
  "version": "1.0.0",
  "lockfileVersion": 1,
  "requires": true,
  "dependencies": {
    "grunt-sass": {
      "version": "3.0.2",
      "resolved": "https://registry.npmjs.org/grunt-sass/-/grunt-sass-3.0.2.tgz",
      "integrity": "sha512-Ogq4cWqBre71gZIkgxIxevgzZHSIIsrKu/5yvPDl4Mvib0A4TRTJEQUdpQ0YV1iai0DPjayz02vDJE6KUVHQ2w=="
    }
  }
}
